
Microsoft Visual Studio Solution File, Format Version 12.00
# Visual Studio Version 16
VisualStudioVersion = 16.0.31205.134
MinimumVisualStudioVersion = 10.0.40219.1
Project("{FAE04EC0-301F-11D3-BF4B-00C04F79EFBC}") = "Procesare_caractere_fisier", "Procesare_caractere_fisier.csproj", "{6C281BF1-21A2-406B-B2F8-9BEDFDFF3736}"
EndProject
Global
	GlobalSection(SolutionConfigurationPlatforms) = preSolution
		Debug|Any CPU = Debug|Any CPU
		Release|Any CPU = Release|Any CPU
	EndGlobalSection
	GlobalSection(ProjectConfigurationPlatforms) = postSolution
		{6C281BF1-21A2-406B-B2F8-9BEDFDFF3736}.Debug|Any CPU.ActiveCfg = Debug|Any CPU
		{6C281BF1-21A2-406B-B2F8-9BEDFDFF3736}.Debug|Any CPU.Build.0 = Debug|Any CPU
		{6C281BF1-21A2-406B-B2F8-9BEDFDFF3736}.Release|Any CPU.ActiveCfg = Release|Any CPU
		{6C281BF1-21A2-406B-B2F8-9BEDFDFF3736}.Release|Any CPU.Build.0 = Release|Any CPU
	EndGlobalSection
	GlobalSection(SolutionProperties) = preSolution
		HideSolutionNode = FALSE
	EndGlobalSection
	GlobalSection(ExtensibilityGlobals) = postSolution
		SolutionGuid = {E20D655F-43E2-419B-9EA1-3AD6CD69B784}
	EndGlobalSection
EndGlobal
